{
  "originHash" : "2d65c5df9e449df855f0e8588f2ee81f415d1a455099513dd2c4e8b029567c28",
  "pins" : [
    {
      "identity" : "iosmath",
      "kind" : "remoteSourceControl",
      "location" : "https://github.com/maitbayev/iosMath.git",
      "state" : {
        "branch" : "master",
        "revision" : "bf4a5466fc405031977f2edcf806ccb119c23836"
      }
    }
  ],
  "version" : 3
}
