{
  "originHash" : "df491f6bdc78add6bce6eb3401a45b660dc8096d349ea94028db165e9a15431e",
  "pins" : [
    {
      "identity" : "iosmath",
      "kind" : "remoteSourceControl",
      "location" : "https://github.com/maitbayev/iosMath.git",
      "state" : {
        "branch" : "master",
        "revision" : "bf4a5466fc405031977f2edcf806ccb119c23836"
      }
    }
  ],
  "version" : 3
}
